
Microsoft Visual Studio Solution File, Format Version 12.00
# Visual Studio Version 16
VisualStudioVersion = 16.0.31410.357
MinimumVisualStudioVersion = 10.0.40219.1
Project("{8BC9CEB8-8B4A-11D0-8D11-00A0C91BC942}") = "LomusEngine", "LomusEngine.vcxproj", "{A4F77B00-95B1-4B59-BCDC-81AE321AA0C4}"
EndProject
Global
	GlobalSection(SolutionConfigurationPlatforms) = preSolution
		Debug|x64 = Debug|x64
		Debug|x86 = Debug|x86
		Release|x64 = Release|x64
		Release|x86 = Release|x86
	EndGlobalSection
	GlobalSection(ProjectConfigurationPlatforms) = postSolution
		{A4F77B00-95B1-4B59-BCDC-81AE321AA0C4}.Debug|x64.ActiveCfg = Debug|x64
		{A4F77B00-95B1-4B59-BCDC-81AE321AA0C4}.Debug|x64.Build.0 = Debug|x64
		{A4F77B00-95B1-4B59-BCDC-81AE321AA0C4}.Debug|x86.ActiveCfg = Debug|Win32
		{A4F77B00-95B1-4B59-BCDC-81AE321AA0C4}.Debug|x86.Build.0 = Debug|Win32
		{A4F77B00-95B1-4B59-BCDC-81AE321AA0C4}.Release|x64.ActiveCfg = Release|x64
		{A4F77B00-95B1-4B59-BCDC-81AE321AA0C4}.Release|x64.Build.0 = Release|x64
		{A4F77B00-95B1-4B59-BCDC-81AE321AA0C4}.Release|x86.ActiveCfg = Release|Win32
		{A4F77B00-95B1-4B59-BCDC-81AE321AA0C4}.Release|x86.Build.0 = Release|Win32
	EndGlobalSection
	GlobalSection(SolutionProperties) = preSolution
		HideSolutionNode = FALSE
	EndGlobalSection
	GlobalSection(ExtensibilityGlobals) = postSolution
		SolutionGuid = {E5C319C3-54B6-4E45-8C57-6EE81749F2E3}
	EndGlobalSection
EndGlobal
